
Microsoft Visual Studio Solution File, Format Version 12.00
# Visual Studio Version 17
VisualStudioVersion = 17.5.33516.290
MinimumVisualStudioVersion = 10.0.40219.1
Project("{FAE04EC0-301F-11D3-BF4B-00C04F79EFBC}") = "API_web_MySQL", "API_web_MySQL\API_web_MySQL.csproj", "{BE26113D-0DBF-45E0-B124-90C7BE2D4228}"
EndProject
Global
	GlobalSection(SolutionConfigurationPlatforms) = preSolution
		Debug|Any CPU = Debug|Any CPU
		Release|Any CPU = Release|Any CPU
	EndGlobalSection
	GlobalSection(ProjectConfigurationPlatforms) = postSolution
		{BE26113D-0DBF-45E0-B124-90C7BE2D4228}.Debug|Any CPU.ActiveCfg = Debug|Any CPU
		{BE26113D-0DBF-45E0-B124-90C7BE2D4228}.Debug|Any CPU.Build.0 = Debug|Any CPU
		{BE26113D-0DBF-45E0-B124-90C7BE2D4228}.Release|Any CPU.ActiveCfg = Release|Any CPU
		{BE26113D-0DBF-45E0-B124-90C7BE2D4228}.Release|Any CPU.Build.0 = Release|Any CPU
	EndGlobalSection
	GlobalSection(SolutionProperties) = preSolution
		HideSolutionNode = FALSE
	EndGlobalSection
	GlobalSection(ExtensibilityGlobals) = postSolution
		SolutionGuid = {81873157-25F6-47DE-ADDC-5505ACA4EDD0}
	EndGlobalSection
EndGlobal
